{
  "version": 4,
  "terraform_version": "1.14.3",
  "serial": 9,
  "lineage": "4cd4ed97-c299-6224-82f0-83c4bccb4730",
  "outputs": {},
  "resources": [
    {
      "mode": "managed",
      "type": "local_file",
      "name": "example_file",
      "provider": "provider[\"registry.terraform.io/hashicorp/local\"]",
      "instances": [
        {
          "schema_version": 0,
          "attributes": {
            "content": "Hello Terraform Lab!",
            "content_base64": null,
            "content_base64sha256": "B7wdff2tk+hAbN4BhR4ciND81RpqV27tp8y+jgqtxi0=",
            "content_base64sha512": "sJMr3mNF6/0jatMBoG0cj7aHCrYiQ9spLZZvOds6Y72RU949FtQXeOIM0DFeLs1/KclX9Qi1q/7Tnbs+FDOAaA==",
            "content_md5": "750f4bded50ea0ea5edcfd9c2255a6f9",
            "content_sha1": "8c5359ea091a293d145389230b56df118d89219b",
            "content_sha256": "07bc1d7dfdad93e8406cde01851e1c88d0fcd51a6a576eeda7ccbe8e0aadc62d",
            "content_sha512": "b0932bde6345ebfd236ad301a06d1c8fb6870ab62243db292d966f39db3a63bd9153de3d16d41778e20cd0315e2ecd7f29c957f508b5abfed39dbb3e14338068",
            "directory_permission": "0777",
            "file_permission": "0777",
            "filename": "./hello.txt",
            "id": "8c5359ea091a293d145389230b56df118d89219b",
            "sensitive_content": null,
            "source": null
          },
          "sensitive_attributes": [
            [
              {
                "type": "get_attr",
                "value": "sensitive_content"
              }
            ]
          ],
          "identity_schema_version": 0
        }
      ]
    }
  ],
  "check_results": null
}
